// !$*UTF8*$!
{
	archiveVersion = 1;
	classes = {
	};
	objectVersion = 50;
	objects = {

/* Begin PBXBuildFile section */
		B715155226761C0D002CCFD2 /* FactsListViewModel.swift in Sources */ = {isa = PBXBuildFile; fileRef = B715155126761C0D002CCFD2 /* FactsListViewModel.swift */; };
		B715155526761C2D002CCFD2 /* FactsListView.swift in Sources */ = {isa = PBXBuildFile; fileRef = B715155426761C2D002CCFD2 /* FactsListView.swift */; };
		B715155726761C3D002CCFD2 /* FactsCellView.swift in Sources */ = {isa = PBXBuildFile; fileRef = B715155626761C3D002CCFD2 /* FactsCellView.swift */; };
		B715155E2676428C002CCFD2 /* FactsModel.swift in Sources */ = {isa = PBXBuildFile; fileRef = B715155D2676428C002CCFD2 /* FactsModel.swift */; };
		B7151560267644C8002CCFD2 /* ViewModel in Resources */ = {isa = PBXBuildFile; fileRef = B715155F267644C8002CCFD2 /* ViewModel */; };
		B79A01E72676182A000118C0 /* PWDemoAppApp.swift in Sources */ = {isa = PBXBuildFile; fileRef = B79A01E62676182A000118C0 /* PWDemoAppApp.swift */; };
		B79A01E92676182A000118C0 /* ContentView.swift in Sources */ = {isa = PBXBuildFile; fileRef = B79A01E82676182A000118C0 /* ContentView.swift */; };
		B79A01EB2676182B000118C0 /* Assets.xcassets in Resources */ = {isa = PBXBuildFile; fileRef = B79A01EA2676182B000118C0 /* Assets.xcassets */; };
		B79A01EE2676182B000118C0 /* Preview Assets.xcassets in Resources */ = {isa = PBXBuildFile; fileRef = B79A01ED2676182B000118C0 /* Preview Assets.xcassets */; };
/* End PBXBuildFile section */

/* Begin PBXFileReference section */
		B715155126761C0D002CCFD2 /* FactsListViewModel.swift */ = {isa = PBXFileReference; lastKnownFileType = sourcecode.swift; path = FactsListViewModel.swift; sourceTree = "<group>"; };
		B715155426761C2D002CCFD2 /* FactsListView.swift */ = {isa = PBXFileReference; lastKnownFileType = sourcecode.swift; path = FactsListView.swift; sourceTree = "<group>"; };
		B715155626761C3D002CCFD2 /* FactsCellView.swift */ = {isa = PBXFileReference; lastKnownFileType = sourcecode.swift; path = FactsCellView.swift; sourceTree = "<group>"; };
		B715155D2676428C002CCFD2 /* FactsModel.swift */ = {isa = PBXFileReference; fileEncoding = 4; lastKnownFileType = sourcecode.swift; path = FactsModel.swift; sourceTree = "<group>"; };
		B715155F267644C8002CCFD2 /* ViewModel */ = {isa = PBXFileReference; lastKnownFileType = folder; name = ViewModel; sourceTree = "<group>"; };
		B79A01E32676182A000118C0 /* PWDemoApp.app */ = {isa = PBXFileReference; explicitFileType = wrapper.application; includeInIndex = 0; path = PWDemoApp.app; sourceTree = BUILT_PRODUCTS_DIR; };
		B79A01E62676182A000118C0 /* PWDemoAppApp.swift */ = {isa = PBXFileReference; lastKnownFileType = sourcecode.swift; path = PWDemoAppApp.swift; sourceTree = "<group>"; };
		B79A01E82676182A000118C0 /* ContentView.swift */ = {isa = PBXFileReference; lastKnownFileType = sourcecode.swift; path = ContentView.swift; sourceTree = "<group>"; };
		B79A01EA2676182B000118C0 /* Assets.xcassets */ = {isa = PBXFileReference; lastKnownFileType = folder.assetcatalog; path = Assets.xcassets; sourceTree = "<group>"; };
		B79A01ED2676182B000118C0 /* Preview Assets.xcassets */ = {isa = PBXFileReference; lastKnownFileType = folder.assetcatalog; path = "Preview Assets.xcassets"; sourceTree = "<group>"; };
		B79A01EF2676182B000118C0 /* Info.plist */ = {isa = PBXFileReference; lastKnownFileType = text.plist.xml; path = Info.plist; sourceTree = "<group>"; };
/* End PBXFileReference section */

/* Begin PBXFrameworksBuildPhase section */
		B79A01E02676182A000118C0 /* Frameworks */ = {
			isa = PBXFrameworksBuildPhase;
			buildActionMask = 2147483647;
			files = (
			);
			runOnlyForDeploymentPostprocessing = 0;
		};
/* End PBXFrameworksBuildPhase section */

/* Begin PBXGroup section */
		B715154D26761BC6002CCFD2 /* Model */ = {
			isa = PBXGroup;
			children = (
				B715155D2676428C002CCFD2 /* FactsModel.swift */,
			);
			path = Model;
			sourceTree = "<group>";
		};
		B715155026761BF6002CCFD2 /* ViewModel */ = {
			isa = PBXGroup;
			children = (
				B715155126761C0D002CCFD2 /* FactsListViewModel.swift */,
				B715155F267644C8002CCFD2 /* ViewModel */,
			);
			path = ViewModel;
			sourceTree = "<group>";
		};
		B715155326761C14002CCFD2 /* View */ = {
			isa = PBXGroup;
			children = (
				B715155426761C2D002CCFD2 /* FactsListView.swift */,
				B715155626761C3D002CCFD2 /* FactsCellView.swift */,
			);
			path = View;
			sourceTree = "<group>";
		};
		B79A01DA2676182A000118C0 = {
			isa = PBXGroup;
			children = (
				B79A01E52676182A000118C0 /* PWDemoApp */,
				B79A01E42676182A000118C0 /* Products */,
			);
			sourceTree = "<group>";
		};
		B79A01E42676182A000118C0 /* Products */ = {
			isa = PBXGroup;
			children = (
				B79A01E32676182A000118C0 /* PWDemoApp.app */,
			);
			name = Products;
			sourceTree = "<group>";
		};
		B79A01E52676182A000118C0 /* PWDemoApp */ = {
			isa = PBXGroup;
			children = (
				B715155326761C14002CCFD2 /* View */,
				B715155026761BF6002CCFD2 /* ViewModel */,
				B715154D26761BC6002CCFD2 /* Model */,
				B79A01E62676182A000118C0 /* PWDemoAppApp.swift */,
				B79A01E82676182A000118C0 /* ContentView.swift */,
				B79A01EA2676182B000118C0 /* Assets.xcassets */,
				B79A01EF2676182B000118C0 /* Info.plist */,
				B79A01EC2676182B000118C0 /* Preview Content */,
			);
			path = PWDemoApp;
			sourceTree = "<group>";
		};
		B79A01EC2676182B000118C0 /* Preview Content */ = {
			isa = PBXGroup;
			children = (
				B79A01ED2676182B000118C0 /* Preview Assets.xcassets */,
			);
			path = "Preview Content";
			sourceTree = "<group>";
		};
/* End PBXGroup section */

/* Begin PBXNativeTarget section */
		B79A01E22676182A000118C0 /* PWDemoApp */ = {
			isa = PBXNativeTarget;
			buildConfigurationList = B79A01F22676182B000118C0 /* Build configuration list for PBXNativeTarget "PWDemoApp" */;
			buildPhases = (
				B79A01DF2676182A000118C0 /* Sources */,
				B79A01E02676182A000118C0 /* Frameworks */,
				B79A01E12676182A000118C0 /* Resources */,
			);
			buildRules = (
			);
			dependencies = (
			);
			name = PWDemoApp;
			productName = PWDemoApp;
			productReference = B79A01E32676182A000118C0 /* PWDemoApp.app */;
			productType = "com.apple.product-type.application";
		};
/* End PBXNativeTarget section */

/* Begin PBXProject section */
		B79A01DB2676182A000118C0 /* Project object */ = {
			isa = PBXProject;
			attributes = {
				LastSwiftUpdateCheck = 1250;
				LastUpgradeCheck = 1250;
				TargetAttributes = {
					B79A01E22676182A000118C0 = {
						CreatedOnToolsVersion = 12.5;
					};
				};
			};
			buildConfigurationList = B79A01DE2676182A000118C0 /* Build configuration list for PBXProject "PWDemoApp" */;
			compatibilityVersion = "Xcode 9.3";
			developmentRegion = en;
			hasScannedForEncodings = 0;
			knownRegions = (
				en,
				Base,
			);
			mainGroup = B79A01DA2676182A000118C0;
			productRefGroup = B79A01E42676182A000118C0 /* Products */;
			projectDirPath = "";
			projectRoot = "";
			targets = (
				B79A01E22676182A000118C0 /* PWDemoApp */,
			);
		};
/* End PBXProject section */

/* Begin PBXResourcesBuildPhase section */
		B79A01E12676182A000118C0 /* Resources */ = {
			isa = PBXResourcesBuildPhase;
			buildActionMask = 2147483647;
			files = (
				B79A01EE2676182B000118C0 /* Preview Assets.xcassets in Resources */,
				B79A01EB2676182B000118C0 /* Assets.xcassets in Resources */,
				B7151560267644C8002CCFD2 /* ViewModel in Resources */,
			);
			runOnlyForDeploymentPostprocessing = 0;
		};
/* End PBXResourcesBuildPhase section */

/* Begin PBXSourcesBuildPhase section */
		B79A01DF2676182A000118C0 /* Sources */ = {
			isa = PBXSourcesBuildPhase;
			buildActionMask = 2147483647;
			files = (
				B715155726761C3D002CCFD2 /* FactsCellView.swift in Sources */,
				B715155226761C0D002CCFD2 /* FactsListViewModel.swift in Sources */,
				B79A01E92676182A000118C0 /* ContentView.swift in Sources */,
				B79A01E72676182A000118C0 /* PWDemoAppApp.swift in Sources */,
				B715155526761C2D002CCFD2 /* FactsListView.swift in Sources */,
				B715155E2676428C002CCFD2 /* FactsModel.swift in Sources */,
			);
			runOnlyForDeploymentPostprocessing = 0;
		};
/* End PBXSourcesBuildPhase section */

/* Begin XCBuildConfiguration section */
		B79A01F02676182B000118C0 /* Debug */ = {
			isa = XCBuildConfiguration;
			buildSettings = {
				ALWAYS_SEARCH_USER_PATHS = NO;
				CLANG_ANALYZER_NONNULL = YES;
				CLANG_ANALYZER_NUMBER_OBJECT_CONVERSION = YES_AGGRESSIVE;
				CLANG_CXX_LANGUAGE_STANDARD = "gnu++14";
				CLANG_CXX_LIBRARY = "libc++";
				CLANG_ENABLE_MODULES = YES;
				CLANG_ENABLE_OBJC_ARC = YES;
				CLANG_ENABLE_OBJC_WEAK = YES;
				CLANG_WARN_BLOCK_CAPTURE_AUTORELEASING = YES;
				CLANG_WARN_BOOL_CONVERSION = YES;
				CLANG_WARN_COMMA = YES;
				CLANG_WARN_CONSTANT_CONVERSION = YES;
				CLANG_WARN_DEPRECATED_OBJC_IMPLEMENTATIONS = YES;
				CLANG_WARN_DIRECT_OBJC_ISA_USAGE = YES_ERROR;
				CLANG_WARN_DOCUMENTATION_COMMENTS = YES;
				CLANG_WARN_EMPTY_BODY = YES;
				CLANG_WARN_ENUM_CONVERSION = YES;
				CLANG_WARN_INFINITE_RECURSION = YES;
				CLANG_WARN_INT_CONVERSION = YES;
				CLANG_WARN_NON_LITERAL_NULL_CONVERSION = YES;
				CLANG_WARN_OBJC_IMPLICIT_RETAIN_SELF = YES;
				CLANG_WARN_OBJC_LITERAL_CONVERSION = YES;
				CLANG_WARN_OBJC_ROOT_CLASS = YES_ERROR;
				CLANG_WARN_QUOTED_INCLUDE_IN_FRAMEWORK_HEADER = YES;
				CLANG_WARN_RANGE_LOOP_ANALYSIS = YES;
				CLANG_WARN_STRICT_PROTOTYPES = YES;
				CLANG_WARN_SUSPICIOUS_MOVE = YES;
				CLANG_WARN_UNGUARDED_AVAILABILITY = YES_AGGRESSIVE;
				CLANG_WARN_UNREACHABLE_CODE = YES;
				CLANG_WARN__DUPLICATE_METHOD_MATCH = YES;
				COPY_PHASE_STRIP = NO;
				DEBUG_INFORMATION_FORMAT = dwarf;
				ENABLE_STRICT_OBJC_MSGSEND = YES;
				ENABLE_TESTABILITY = YES;
				GCC_C_LANGUAGE_STANDARD = gnu11;
				GCC_DYNAMIC_NO_PIC = NO;
				GCC_NO_COMMON_BLOCKS = YES;
				GCC_OPTIMIZATION_LEVEL = 0;
				GCC_PREPROCESSOR_DEFINITIONS = (
					"DEBUG=1",
					"$(inherited)",
				);
				GCC_WARN_64_TO_32_BIT_CONVERSION = YES;
				GCC_WARN_ABOUT_RETURN_TYPE = YES_ERROR;
				GCC_WARN_UNDECLARED_SELECTOR = YES;
				GCC_WARN_UNINITIALIZED_AUTOS = YES_AGGRESSIVE;
				GCC_WARN_UNUSED_FUNCTION = YES;
				GCC_WARN_UNUSED_VARIABLE = YES;
				IPHONEOS_DEPLOYMENT_TARGET = 14.1;
				MTL_ENABLE_DEBUG_INFO = INCLUDE_SOURCE;
				MTL_FAST_MATH = YES;
				ONLY_ACTIVE_ARCH = YES;
				SDKROOT = iphoneos;
				SWIFT_ACTIVE_COMPILATION_CONDITIONS = DEBUG;
				SWIFT_OPTIMIZATION_LEVEL = "-Onone";
				TARGETED_DEVICE_FAMILY = "1,2";
			};
			name = Debug;
		};
		B79A01F12676182B000118C0 /* Release */ = {
			isa = XCBuildConfiguration;
			buildSettings = {
				ALWAYS_SEARCH_USER_PATHS = NO;
				CLANG_ANALYZER_NONNULL = YES;
				CLANG_ANALYZER_NUMBER_OBJECT_CONVERSION = YES_AGGRESSIVE;
				CLANG_CXX_LANGUAGE_STANDARD = "gnu++14";
				CLANG_CXX_LIBRARY = "libc++";
				CLANG_ENABLE_MODULES = YES;
				CLANG_ENABLE_OBJC_ARC = YES;
				CLANG_ENABLE_OBJC_WEAK = YES;
				CLANG_WARN_BLOCK_CAPTURE_AUTORELEASING = YES;
				CLANG_WARN_BOOL_CONVERSION = YES;
				CLANG_WARN_COMMA = YES;
				CLANG_WARN_CONSTANT_CONVERSION = YES;
				CLANG_WARN_DEPRECATED_OBJC_IMPLEMENTATIONS = YES;
				CLANG_WARN_DIRECT_OBJC_ISA_USAGE = YES_ERROR;
				CLANG_WARN_DOCUMENTATION_COMMENTS = YES;
				CLANG_WARN_EMPTY_BODY = YES;
				CLANG_WARN_ENUM_CONVERSION = YES;
				CLANG_WARN_INFINITE_RECURSION = YES;
				CLANG_WARN_INT_CONVERSION = YES;
				CLANG_WARN_NON_LITERAL_NULL_CONVERSION = YES;
				CLANG_WARN_OBJC_IMPLICIT_RETAIN_SELF = YES;
				CLANG_WARN_OBJC_LITERAL_CONVERSION = YES;
				CLANG_WARN_OBJC_ROOT_CLASS = YES_ERROR;
				CLANG_WARN_QUOTED_INCLUDE_IN_FRAMEWORK_HEADER = YES;
				CLANG_WARN_RANGE_LOOP_ANALYSIS = YES;
				CLANG_WARN_STRICT_PROTOTYPES = YES;
				CLANG_WARN_SUSPICIOUS_MOVE = YES;
				CLANG_WARN_UNGUARDED_AVAILABILITY = YES_AGGRESSIVE;
				CLANG_WARN_UNREACHABLE_CODE = YES;
				CLANG_WARN__DUPLICATE_METHOD_MATCH = YES;
				COPY_PHASE_STRIP = NO;
				DEBUG_INFORMATION_FORMAT = "dwarf-with-dsym";
				ENABLE_NS_ASSERTIONS = NO;
				ENABLE_STRICT_OBJC_MSGSEND = YES;
				GCC_C_LANGUAGE_STANDARD = gnu11;
				GCC_NO_COMMON_BLOCKS = YES;
				GCC_WARN_64_TO_32_BIT_CONVERSION = YES;
				GCC_WARN_ABOUT_RETURN_TYPE = YES_ERROR;
				GCC_WARN_UNDECLARED_SELECTOR = YES;
				GCC_WARN_UNINITIALIZED_AUTOS = YES_AGGRESSIVE;
				GCC_WARN_UNUSED_FUNCTION = YES;
				GCC_WARN_UNUSED_VARIABLE = YES;
				IPHONEOS_DEPLOYMENT_TARGET = 14.1;
				MTL_ENABLE_DEBUG_INFO = NO;
				MTL_FAST_MATH = YES;
				SDKROOT = iphoneos;
				SWIFT_COMPILATION_MODE = wholemodule;
				SWIFT_OPTIMIZATION_LEVEL = "-O";
				TARGETED_DEVICE_FAMILY = "1,2";
				VALIDATE_PRODUCT = YES;
			};
			name = Release;
		};
		B79A01F32676182B000118C0 /* Debug */ = {
			isa = XCBuildConfiguration;
			buildSettings = {
				ASSETCATALOG_COMPILER_APPICON_NAME = AppIcon;
				ASSETCATALOG_COMPILER_GLOBAL_ACCENT_COLOR_NAME = AccentColor;
				CODE_SIGN_STYLE = Automatic;
				DEVELOPMENT_ASSET_PATHS = "\"PWDemoApp/Preview Content\"";
				DEVELOPMENT_TEAM = D3QGZH7X39;
				ENABLE_PREVIEWS = YES;
				INFOPLIST_FILE = PWDemoApp/Info.plist;
				IPHONEOS_DEPLOYMENT_TARGET = 14.1;
				LD_RUNPATH_SEARCH_PATHS = (
					"$(inherited)",
					"@executable_path/Frameworks",
				);
				PRODUCT_BUNDLE_IDENTIFIER = com.ramya.com.PWDemoApp;
				PRODUCT_NAME = "$(TARGET_NAME)";
				SWIFT_VERSION = 5.0;
				TARGETED_DEVICE_FAMILY = "1,2";
			};
			name = Debug;
		};
		B79A01F42676182B000118C0 /* Release */ = {
			isa = XCBuildConfiguration;
			buildSettings = {
				ASSETCATALOG_COMPILER_APPICON_NAME = AppIcon;
				ASSETCATALOG_COMPILER_GLOBAL_ACCENT_COLOR_NAME = AccentColor;
				CODE_SIGN_STYLE = Automatic;
				DEVELOPMENT_ASSET_PATHS = "\"PWDemoApp/Preview Content\"";
				DEVELOPMENT_TEAM = D3QGZH7X39;
				ENABLE_PREVIEWS = YES;
				INFOPLIST_FILE = PWDemoApp/Info.plist;
				IPHONEOS_DEPLOYMENT_TARGET = 14.1;
				LD_RUNPATH_SEARCH_PATHS = (
					"$(inherited)",
					"@executable_path/Frameworks",
				);
				PRODUCT_BUNDLE_IDENTIFIER = com.ramya.com.PWDemoApp;
				PRODUCT_NAME = "$(TARGET_NAME)";
				SWIFT_VERSION = 5.0;
				TARGETED_DEVICE_FAMILY = "1,2";
			};
			name = Release;
		};
/* End XCBuildConfiguration section */

/* Begin XCConfigurationList section */
		B79A01DE2676182A000118C0 /* Build configuration list for PBXProject "PWDemoApp" */ = {
			isa = XCConfigurationList;
			buildConfigurations = (
				B79A01F02676182B000118C0 /* Debug */,
				B79A01F12676182B000118C0 /* Release */,
			);
			defaultConfigurationIsVisible = 0;
			defaultConfigurationName = Release;
		};
		B79A01F22676182B000118C0 /* Build configuration list for PBXNativeTarget "PWDemoApp" */ = {
			isa = XCConfigurationList;
			buildConfigurations = (
				B79A01F32676182B000118C0 /* Debug */,
				B79A01F42676182B000118C0 /* Release */,
			);
			defaultConfigurationIsVisible = 0;
			defaultConfigurationName = Release;
		};
/* End XCConfigurationList section */
	};
	rootObject = B79A01DB2676182A000118C0 /* Project object */;
}
